
Microsoft Visual Studio Solution File, Format Version 12.00
# Visual Studio 15
Project("{FAE04EC0-301F-11D3-BF4B-00C04F79EFBC}") = "Assembly-CSharp", "Assembly-CSharp.csproj", "{C1D8402C-6BFA-A979-3A20-A187B5C27405}"
EndProject
Project("{FAE04EC0-301F-11D3-BF4B-00C04F79EFBC}") = "Assembly-CSharp-Editor", "Assembly-CSharp-Editor.csproj", "{8D8CD477-DE92-AD18-0F62-EDFC458F87BE}"
EndProject
Global
	GlobalSection(SolutionConfigurationPlatforms) = preSolution
		Debug|Any CPU = Debug|Any CPU
		Release|Any CPU = Release|Any CPU
	EndGlobalSection
	GlobalSection(ProjectConfigurationPlatforms) = postSolution
		{C1D8402C-6BFA-A979-3A20-A187B5C27405}.Debug|Any CPU.ActiveCfg = Debug|Any CPU
		{C1D8402C-6BFA-A979-3A20-A187B5C27405}.Debug|Any CPU.Build.0 = Debug|Any CPU
		{C1D8402C-6BFA-A979-3A20-A187B5C27405}.Release|Any CPU.ActiveCfg = Release|Any CPU
		{C1D8402C-6BFA-A979-3A20-A187B5C27405}.Release|Any CPU.Build.0 = Release|Any CPU
		{8D8CD477-DE92-AD18-0F62-EDFC458F87BE}.Debug|Any CPU.ActiveCfg = Debug|Any CPU
		{8D8CD477-DE92-AD18-0F62-EDFC458F87BE}.Debug|Any CPU.Build.0 = Debug|Any CPU
		{8D8CD477-DE92-AD18-0F62-EDFC458F87BE}.Release|Any CPU.ActiveCfg = Release|Any CPU
		{8D8CD477-DE92-AD18-0F62-EDFC458F87BE}.Release|Any CPU.Build.0 = Release|Any CPU
	EndGlobalSection
	GlobalSection(SolutionProperties) = preSolution
		HideSolutionNode = FALSE
	EndGlobalSection
EndGlobal
